
Microsoft Visual Studio Solution File, Format Version 12.00
# Visual Studio Version 16
VisualStudioVersion = 16.0.31105.61
MinimumVisualStudioVersion = 10.0.40219.1
Project("{9A19103F-16F7-4668-BE54-9A1E7A4F7556}") = "Ember.Server", "Ember.Server\Ember.Server.csproj", "{C723F0DB-A025-448E-9D36-B26BFD0CC837}"
EndProject
Project("{9A19103F-16F7-4668-BE54-9A1E7A4F7556}") = "Ember.Client", "Ember.Client\Ember.Client.csproj", "{721C7EF8-8C7A-4721-B34E-FC45472D03E3}"
EndProject
Project("{9A19103F-16F7-4668-BE54-9A1E7A4F7556}") = "Ember.Shared", "Ember.Shared\Ember.Shared.csproj", "{6F275157-76E9-4F48-9731-978D79123E89}"
EndProject
Global
	GlobalSection(SolutionConfigurationPlatforms) = preSolution
		Debug|Any CPU = Debug|Any CPU
		Release|Any CPU = Release|Any CPU
	EndGlobalSection
	GlobalSection(ProjectConfigurationPlatforms) = postSolution
		{C723F0DB-A025-448E-9D36-B26BFD0CC837}.Debug|Any CPU.ActiveCfg = Debug|Any CPU
		{C723F0DB-A025-448E-9D36-B26BFD0CC837}.Debug|Any CPU.Build.0 = Debug|Any CPU
		{C723F0DB-A025-448E-9D36-B26BFD0CC837}.Release|Any CPU.ActiveCfg = Release|Any CPU
		{C723F0DB-A025-448E-9D36-B26BFD0CC837}.Release|Any CPU.Build.0 = Release|Any CPU
		{721C7EF8-8C7A-4721-B34E-FC45472D03E3}.Debug|Any CPU.ActiveCfg = Debug|Any CPU
		{721C7EF8-8C7A-4721-B34E-FC45472D03E3}.Debug|Any CPU.Build.0 = Debug|Any CPU
		{721C7EF8-8C7A-4721-B34E-FC45472D03E3}.Release|Any CPU.ActiveCfg = Release|Any CPU
		{721C7EF8-8C7A-4721-B34E-FC45472D03E3}.Release|Any CPU.Build.0 = Release|Any CPU
		{6F275157-76E9-4F48-9731-978D79123E89}.Debug|Any CPU.ActiveCfg = Debug|Any CPU
		{6F275157-76E9-4F48-9731-978D79123E89}.Debug|Any CPU.Build.0 = Debug|Any CPU
		{6F275157-76E9-4F48-9731-978D79123E89}.Release|Any CPU.ActiveCfg = Release|Any CPU
		{6F275157-76E9-4F48-9731-978D79123E89}.Release|Any CPU.Build.0 = Release|Any CPU
	EndGlobalSection
	GlobalSection(SolutionProperties) = preSolution
		HideSolutionNode = FALSE
	EndGlobalSection
	GlobalSection(ExtensibilityGlobals) = postSolution
		SolutionGuid = {59B1E581-F2B6-405F-8228-FA99ACAA3FB7}
	EndGlobalSection
EndGlobal
